<?xml version="1.0" encoding="utf-8"?>
<Project ToolsVersion="4.0" xmlns="http://schemas.microsoft.com/developer/msbuild/2003">
  <ItemGroup>
    <Filter Include="spdlog">
      <UniqueIdentifier>{8EAD431C-7A4F-6EF2-630A-82464F4BF542}</UniqueIdentifier>
    </Filter>
    <Filter Include="spdlog\bench">
      <UniqueIdentifier>{5D3A2845-499D-B7E9-F222-F09FDE64836C}</UniqueIdentifier>
    </Filter>
    <Filter Include="spdlog\example">
      <UniqueIdentifier>{696D7B42-553B-6F48-3ECF-DF6E2A3C4BAD}</UniqueIdentifier>
    </Filter>
    <Filter Include="spdlog\include">
      <UniqueIdentifier>{0183345F-ED50-2865-D6E4-988BC25104CA}</UniqueIdentifier>
    </Filter>
    <Filter Include="spdlog\include\spdlog">
      <UniqueIdentifier>{19C83A8F-8534-F689-4E28-8EE7BA5318F2}</UniqueIdentifier>
    </Filter>
    <Filter Include="spdlog\include\spdlog\cfg">
      <UniqueIdentifier>{18A53EC1-8467-724B-CD17-01D839194B29}</UniqueIdentifier>
    </Filter>
    <Filter Include="spdlog\include\spdlog\details">
      <UniqueIdentifier>{8EC18227-FAD9-6951-C386-F9EA2F5EFEEA}</UniqueIdentifier>
    </Filter>
    <Filter Include="spdlog\include\spdlog\fmt">
      <UniqueIdentifier>{CFB23EC1-3B75-724B-8425-01D8F0264B29}</UniqueIdentifier>
    </Filter>
    <Filter Include="spdlog\include\spdlog\fmt\bundled">
      <UniqueIdentifier>{BC303CC7-289F-9146-7188-4C46DD3587E2}</UniqueIdentifier>
    </Filter>
    <Filter Include="spdlog\include\spdlog\sinks">
      <UniqueIdentifier>{50A49F0C-BCB1-CDF2-4598-C9DDB1A499A9}</UniqueIdentifier>
    </Filter>
    <Filter Include="spdlog\src">
      <UniqueIdentifier>{A58277CA-913A-B917-FA41-9273E6185408}</UniqueIdentifier>
    </Filter>
    <Filter Include="spdlog\tests">
      <UniqueIdentifier>{F00A6E46-DC6D-FDEA-85F3-35A17135C96D}</UniqueIdentifier>
    </Filter>
  </ItemGroup>
  <ItemGroup>
    <ClInclude Include="spdlog\bench\utils.h">
      <Filter>spdlog\bench</Filter>
    </ClInclude>
    <ClInclude Include="spdlog\include\spdlog\async.h">
      <Filter>spdlog\include\spdlog</Filter>
    </ClInclude>
    <ClInclude Include="spdlog\include\spdlog\async_logger-inl.h">
      <Filter>spdlog\include\spdlog</Filter>
    </ClInclude>
    <ClInclude Include="spdlog\include\spdlog\async_logger.h">
      <Filter>spdlog\include\spdlog</Filter>
    </ClInclude>
    <ClInclude Include="spdlog\include\spdlog\cfg\argv.h">
      <Filter>spdlog\include\spdlog\cfg</Filter>
    </ClInclude>
    <ClInclude Include="spdlog\include\spdlog\cfg\env.h">
      <Filter>spdlog\include\spdlog\cfg</Filter>
    </ClInclude>
    <ClInclude Include="spdlog\include\spdlog\cfg\helpers-inl.h">
      <Filter>spdlog\include\spdlog\cfg</Filter>
    </ClInclude>
    <ClInclude Include="spdlog\include\spdlog\cfg\helpers.h">
      <Filter>spdlog\include\spdlog\cfg</Filter>
    </ClInclude>
    <ClInclude Include="spdlog\include\spdlog\common-inl.h">
      <Filter>spdlog\include\spdlog</Filter>
    </ClInclude>
    <ClInclude Include="spdlog\include\spdlog\common.h">
      <Filter>spdlog\include\spdlog</Filter>
    </ClInclude>
    <ClInclude Include="spdlog\include\spdlog\details\backtracer-inl.h">
      <Filter>spdlog\include\spdlog\details</Filter>
    </ClInclude>
    <ClInclude Include="spdlog\include\spdlog\details\backtracer.h">
      <Filter>spdlog\include\spdlog\details</Filter>
    </ClInclude>
    <ClInclude Include="spdlog\include\spdlog\details\circular_q.h">
      <Filter>spdlog\include\spdlog\details</Filter>
    </ClInclude>
    <ClInclude Include="spdlog\include\spdlog\details\console_globals.h">
      <Filter>spdlog\include\spdlog\details</Filter>
    </ClInclude>
    <ClInclude Include="spdlog\include\spdlog\details\file_helper-inl.h">
      <Filter>spdlog\include\spdlog\details</Filter>
    </ClInclude>
    <ClInclude Include="spdlog\include\spdlog\details\file_helper.h">
      <Filter>spdlog\include\spdlog\details</Filter>
    </ClInclude>
    <ClInclude Include="spdlog\include\spdlog\details\fmt_helper.h">
      <Filter>spdlog\include\spdlog\details</Filter>
    </ClInclude>
    <ClInclude Include="spdlog\include\spdlog\details\log_msg-inl.h">
      <Filter>spdlog\include\spdlog\details</Filter>
    </ClInclude>
    <ClInclude Include="spdlog\include\spdlog\details\log_msg.h">
      <Filter>spdlog\include\spdlog\details</Filter>
    </ClInclude>
    <ClInclude Include="spdlog\include\spdlog\details\log_msg_buffer-inl.h">
      <Filter>spdlog\include\spdlog\details</Filter>
    </ClInclude>
    <ClInclude Include="spdlog\include\spdlog\details\log_msg_buffer.h">
      <Filter>spdlog\include\spdlog\details</Filter>
    </ClInclude>
    <ClInclude Include="spdlog\include\spdlog\details\mpmc_blocking_q.h">
      <Filter>spdlog\include\spdlog\details</Filter>
    </ClInclude>
    <ClInclude Include="spdlog\include\spdlog\details\null_mutex.h">
      <Filter>spdlog\include\spdlog\details</Filter>
    </ClInclude>
    <ClInclude Include="spdlog\include\spdlog\details\os-inl.h">
      <Filter>spdlog\include\spdlog\details</Filter>
    </ClInclude>
    <ClInclude Include="spdlog\include\spdlog\details\os.h">
      <Filter>spdlog\include\spdlog\details</Filter>
    </ClInclude>
    <ClInclude Include="spdlog\include\spdlog\details\periodic_worker-inl.h">
      <Filter>spdlog\include\spdlog\details</Filter>
    </ClInclude>
    <ClInclude Include="spdlog\include\spdlog\details\periodic_worker.h">
      <Filter>spdlog\include\spdlog\details</Filter>
    </ClInclude>
    <ClInclude Include="spdlog\include\spdlog\details\registry-inl.h">
      <Filter>spdlog\include\spdlog\details</Filter>
    </ClInclude>
    <ClInclude Include="spdlog\include\spdlog\details\registry.h">
      <Filter>spdlog\include\spdlog\details</Filter>
    </ClInclude>
    <ClInclude Include="spdlog\include\spdlog\details\synchronous_factory.h">
      <Filter>spdlog\include\spdlog\details</Filter>
    </ClInclude>
    <ClInclude Include="spdlog\include\spdlog\details\tcp_client-windows.h">
      <Filter>spdlog\include\spdlog\details</Filter>
    </ClInclude>
    <ClInclude Include="spdlog\include\spdlog\details\tcp_client.h">
      <Filter>spdlog\include\spdlog\details</Filter>
    </ClInclude>
    <ClInclude Include="spdlog\include\spdlog\details\thread_pool-inl.h">
      <Filter>spdlog\include\spdlog\details</Filter>
    </ClInclude>
    <ClInclude Include="spdlog\include\spdlog\details\thread_pool.h">
      <Filter>spdlog\include\spdlog\details</Filter>
    </ClInclude>
    <ClInclude Include="spdlog\include\spdlog\details\udp_client-windows.h">
      <Filter>spdlog\include\spdlog\details</Filter>
    </ClInclude>
    <ClInclude Include="spdlog\include\spdlog\details\udp_client.h">
      <Filter>spdlog\include\spdlog\details</Filter>
    </ClInclude>
    <ClInclude Include="spdlog\include\spdlog\details\windows_include.h">
      <Filter>spdlog\include\spdlog\details</Filter>
    </ClInclude>
    <ClInclude Include="spdlog\include\spdlog\fmt\bin_to_hex.h">
      <Filter>spdlog\include\spdlog\fmt</Filter>
    </ClInclude>
    <ClInclude Include="spdlog\include\spdlog\fmt\bundled\args.h">
      <Filter>spdlog\include\spdlog\fmt\bundled</Filter>
    </ClInclude>
    <ClInclude Include="spdlog\include\spdlog\fmt\bundled\base.h">
      <Filter>spdlog\include\spdlog\fmt\bundled</Filter>
    </ClInclude>
    <ClInclude Include="spdlog\include\spdlog\fmt\bundled\chrono.h">
      <Filter>spdlog\include\spdlog\fmt\bundled</Filter>
    </ClInclude>
    <ClInclude Include="spdlog\include\spdlog\fmt\bundled\color.h">
      <Filter>spdlog\include\spdlog\fmt\bundled</Filter>
    </ClInclude>
    <ClInclude Include="spdlog\include\spdlog\fmt\bundled\compile.h">
      <Filter>spdlog\include\spdlog\fmt\bundled</Filter>
    </ClInclude>
    <ClInclude Include="spdlog\include\spdlog\fmt\bundled\core.h">
      <Filter>spdlog\include\spdlog\fmt\bundled</Filter>
    </ClInclude>
    <ClInclude Include="spdlog\include\spdlog\fmt\bundled\format-inl.h">
      <Filter>spdlog\include\spdlog\fmt\bundled</Filter>
    </ClInclude>
    <ClInclude Include="spdlog\include\spdlog\fmt\bundled\format.h">
      <Filter>spdlog\include\spdlog\fmt\bundled</Filter>
    </ClInclude>
    <ClInclude Include="spdlog\include\spdlog\fmt\bundled\locale.h">
      <Filter>spdlog\include\spdlog\fmt\bundled</Filter>
    </ClInclude>
    <ClInclude Include="spdlog\include\spdlog\fmt\bundled\os.h">
      <Filter>spdlog\include\spdlog\fmt\bundled</Filter>
    </ClInclude>
    <ClInclude Include="spdlog\include\spdlog\fmt\bundled\ostream.h">
      <Filter>spdlog\include\spdlog\fmt\bundled</Filter>
    </ClInclude>
    <ClInclude Include="spdlog\include\spdlog\fmt\bundled\printf.h">
      <Filter>spdlog\include\spdlog\fmt\bundled</Filter>
    </ClInclude>
    <ClInclude Include="spdlog\include\spdlog\fmt\bundled\ranges.h">
      <Filter>spdlog\include\spdlog\fmt\bundled</Filter>
    </ClInclude>
    <ClInclude Include="spdlog\include\spdlog\fmt\bundled\std.h">
      <Filter>spdlog\include\spdlog\fmt\bundled</Filter>
    </ClInclude>
    <ClInclude Include="spdlog\include\spdlog\fmt\bundled\xchar.h">
      <Filter>spdlog\include\spdlog\fmt\bundled</Filter>
    </ClInclude>
    <ClInclude Include="spdlog\include\spdlog\fmt\chrono.h">
      <Filter>spdlog\include\spdlog\fmt</Filter>
    </ClInclude>
    <ClInclude Include="spdlog\include\spdlog\fmt\compile.h">
      <Filter>spdlog\include\spdlog\fmt</Filter>
    </ClInclude>
    <ClInclude Include="spdlog\include\spdlog\fmt\fmt.h">
      <Filter>spdlog\include\spdlog\fmt</Filter>
    </ClInclude>
    <ClInclude Include="spdlog\include\spdlog\fmt\ostr.h">
      <Filter>spdlog\include\spdlog\fmt</Filter>
    </ClInclude>
    <ClInclude Include="spdlog\include\spdlog\fmt\ranges.h">
      <Filter>spdlog\include\spdlog\fmt</Filter>
    </ClInclude>
    <ClInclude Include="spdlog\include\spdlog\fmt\std.h">
      <Filter>spdlog\include\spdlog\fmt</Filter>
    </ClInclude>
    <ClInclude Include="spdlog\include\spdlog\fmt\xchar.h">
      <Filter>spdlog\include\spdlog\fmt</Filter>
    </ClInclude>
    <ClInclude Include="spdlog\include\spdlog\formatter.h">
      <Filter>spdlog\include\spdlog</Filter>
    </ClInclude>
    <ClInclude Include="spdlog\include\spdlog\fwd.h">
      <Filter>spdlog\include\spdlog</Filter>
    </ClInclude>
    <ClInclude Include="spdlog\include\spdlog\logger-inl.h">
      <Filter>spdlog\include\spdlog</Filter>
    </ClInclude>
    <ClInclude Include="spdlog\include\spdlog\logger.h">
      <Filter>spdlog\include\spdlog</Filter>
    </ClInclude>
    <ClInclude Include="spdlog\include\spdlog\mdc.h">
      <Filter>spdlog\include\spdlog</Filter>
    </ClInclude>
    <ClInclude Include="spdlog\include\spdlog\pattern_formatter-inl.h">
      <Filter>spdlog\include\spdlog</Filter>
    </ClInclude>
    <ClInclude Include="spdlog\include\spdlog\pattern_formatter.h">
      <Filter>spdlog\include\spdlog</Filter>
    </ClInclude>
    <ClInclude Include="spdlog\include\spdlog\sinks\android_sink.h">
      <Filter>spdlog\include\spdlog\sinks</Filter>
    </ClInclude>
    <ClInclude Include="spdlog\include\spdlog\sinks\ansicolor_sink-inl.h">
      <Filter>spdlog\include\spdlog\sinks</Filter>
    </ClInclude>
    <ClInclude Include="spdlog\include\spdlog\sinks\ansicolor_sink.h">
      <Filter>spdlog\include\spdlog\sinks</Filter>
    </ClInclude>
    <ClInclude Include="spdlog\include\spdlog\sinks\base_sink-inl.h">
      <Filter>spdlog\include\spdlog\sinks</Filter>
    </ClInclude>
    <ClInclude Include="spdlog\include\spdlog\sinks\base_sink.h">
      <Filter>spdlog\include\spdlog\sinks</Filter>
    </ClInclude>
    <ClInclude Include="spdlog\include\spdlog\sinks\basic_file_sink-inl.h">
      <Filter>spdlog\include\spdlog\sinks</Filter>
    </ClInclude>
    <ClInclude Include="spdlog\include\spdlog\sinks\basic_file_sink.h">
      <Filter>spdlog\include\spdlog\sinks</Filter>
    </ClInclude>
    <ClInclude Include="spdlog\include\spdlog\sinks\callback_sink.h">
      <Filter>spdlog\include\spdlog\sinks</Filter>
    </ClInclude>
    <ClInclude Include="spdlog\include\spdlog\sinks\daily_file_sink.h">
      <Filter>spdlog\include\spdlog\sinks</Filter>
    </ClInclude>
    <ClInclude Include="spdlog\include\spdlog\sinks\dist_sink.h">
      <Filter>spdlog\include\spdlog\sinks</Filter>
    </ClInclude>
    <ClInclude Include="spdlog\include\spdlog\sinks\dup_filter_sink.h">
      <Filter>spdlog\include\spdlog\sinks</Filter>
    </ClInclude>
    <ClInclude Include="spdlog\include\spdlog\sinks\hourly_file_sink.h">
      <Filter>spdlog\include\spdlog\sinks</Filter>
    </ClInclude>
    <ClInclude Include="spdlog\include\spdlog\sinks\kafka_sink.h">
      <Filter>spdlog\include\spdlog\sinks</Filter>
    </ClInclude>
    <ClInclude Include="spdlog\include\spdlog\sinks\mongo_sink.h">
      <Filter>spdlog\include\spdlog\sinks</Filter>
    </ClInclude>
    <ClInclude Include="spdlog\include\spdlog\sinks\msvc_sink.h">
      <Filter>spdlog\include\spdlog\sinks</Filter>
    </ClInclude>
    <ClInclude Include="spdlog\include\spdlog\sinks\null_sink.h">
      <Filter>spdlog\include\spdlog\sinks</Filter>
    </ClInclude>
    <ClInclude Include="spdlog\include\spdlog\sinks\ostream_sink.h">
      <Filter>spdlog\include\spdlog\sinks</Filter>
    </ClInclude>
    <ClInclude Include="spdlog\include\spdlog\sinks\qt_sinks.h">
      <Filter>spdlog\include\spdlog\sinks</Filter>
    </ClInclude>
    <ClInclude Include="spdlog\include\spdlog\sinks\ringbuffer_sink.h">
      <Filter>spdlog\include\spdlog\sinks</Filter>
    </ClInclude>
    <ClInclude Include="spdlog\include\spdlog\sinks\rotating_file_sink-inl.h">
      <Filter>spdlog\include\spdlog\sinks</Filter>
    </ClInclude>
    <ClInclude Include="spdlog\include\spdlog\sinks\rotating_file_sink.h">
      <Filter>spdlog\include\spdlog\sinks</Filter>
    </ClInclude>
    <ClInclude Include="spdlog\include\spdlog\sinks\sink-inl.h">
      <Filter>spdlog\include\spdlog\sinks</Filter>
    </ClInclude>
    <ClInclude Include="spdlog\include\spdlog\sinks\sink.h">
      <Filter>spdlog\include\spdlog\sinks</Filter>
    </ClInclude>
    <ClInclude Include="spdlog\include\spdlog\sinks\stdout_color_sinks-inl.h">
      <Filter>spdlog\include\spdlog\sinks</Filter>
    </ClInclude>
    <ClInclude Include="spdlog\include\spdlog\sinks\stdout_color_sinks.h">
      <Filter>spdlog\include\spdlog\sinks</Filter>
    </ClInclude>
    <ClInclude Include="spdlog\include\spdlog\sinks\stdout_sinks-inl.h">
      <Filter>spdlog\include\spdlog\sinks</Filter>
    </ClInclude>
    <ClInclude Include="spdlog\include\spdlog\sinks\stdout_sinks.h">
      <Filter>spdlog\include\spdlog\sinks</Filter>
    </ClInclude>
    <ClInclude Include="spdlog\include\spdlog\sinks\syslog_sink.h">
      <Filter>spdlog\include\spdlog\sinks</Filter>
    </ClInclude>
    <ClInclude Include="spdlog\include\spdlog\sinks\systemd_sink.h">
      <Filter>spdlog\include\spdlog\sinks</Filter>
    </ClInclude>
    <ClInclude Include="spdlog\include\spdlog\sinks\tcp_sink.h">
      <Filter>spdlog\include\spdlog\sinks</Filter>
    </ClInclude>
    <ClInclude Include="spdlog\include\spdlog\sinks\udp_sink.h">
      <Filter>spdlog\include\spdlog\sinks</Filter>
    </ClInclude>
    <ClInclude Include="spdlog\include\spdlog\sinks\win_eventlog_sink.h">
      <Filter>spdlog\include\spdlog\sinks</Filter>
    </ClInclude>
    <ClInclude Include="spdlog\include\spdlog\sinks\wincolor_sink-inl.h">
      <Filter>spdlog\include\spdlog\sinks</Filter>
    </ClInclude>
    <ClInclude Include="spdlog\include\spdlog\sinks\wincolor_sink.h">
      <Filter>spdlog\include\spdlog\sinks</Filter>
    </ClInclude>
    <ClInclude Include="spdlog\include\spdlog\spdlog-inl.h">
      <Filter>spdlog\include\spdlog</Filter>
    </ClInclude>
    <ClInclude Include="spdlog\include\spdlog\spdlog.h">
      <Filter>spdlog\include\spdlog</Filter>
    </ClInclude>
    <ClInclude Include="spdlog\include\spdlog\stopwatch.h">
      <Filter>spdlog\include\spdlog</Filter>
    </ClInclude>
    <ClInclude Include="spdlog\include\spdlog\tweakme.h">
      <Filter>spdlog\include\spdlog</Filter>
    </ClInclude>
    <ClInclude Include="spdlog\include\spdlog\version.h">
      <Filter>spdlog\include\spdlog</Filter>
    </ClInclude>
    <ClInclude Include="spdlog\tests\includes.h">
      <Filter>spdlog\tests</Filter>
    </ClInclude>
    <ClInclude Include="spdlog\tests\test_sink.h">
      <Filter>spdlog\tests</Filter>
    </ClInclude>
    <ClInclude Include="spdlog\tests\utils.h">
      <Filter>spdlog\tests</Filter>
    </ClInclude>
  </ItemGroup>
  <ItemGroup>
    <ClCompile Include="spdlog\bench\async_bench.cpp">
      <Filter>spdlog\bench</Filter>
    </ClCompile>
    <ClCompile Include="spdlog\bench\bench.cpp">
      <Filter>spdlog\bench</Filter>
    </ClCompile>
    <ClCompile Include="spdlog\bench\formatter-bench.cpp">
      <Filter>spdlog\bench</Filter>
    </ClCompile>
    <ClCompile Include="spdlog\bench\latency.cpp">
      <Filter>spdlog\bench</Filter>
    </ClCompile>
    <ClCompile Include="spdlog\example\example.cpp">
      <Filter>spdlog\example</Filter>
    </ClCompile>
    <ClCompile Include="spdlog\src\async.cpp">
      <Filter>spdlog\src</Filter>
    </ClCompile>
    <ClCompile Include="spdlog\src\bundled_fmtlib_format.cpp">
      <Filter>spdlog\src</Filter>
    </ClCompile>
    <ClCompile Include="spdlog\src\cfg.cpp">
      <Filter>spdlog\src</Filter>
    </ClCompile>
    <ClCompile Include="spdlog\src\color_sinks.cpp">
      <Filter>spdlog\src</Filter>
    </ClCompile>
    <ClCompile Include="spdlog\src\file_sinks.cpp">
      <Filter>spdlog\src</Filter>
    </ClCompile>
    <ClCompile Include="spdlog\src\spdlog.cpp">
      <Filter>spdlog\src</Filter>
    </ClCompile>
    <ClCompile Include="spdlog\src\stdout_sinks.cpp">
      <Filter>spdlog\src</Filter>
    </ClCompile>
    <ClCompile Include="spdlog\tests\main.cpp">
      <Filter>spdlog\tests</Filter>
    </ClCompile>
    <ClCompile Include="spdlog\tests\test_async.cpp">
      <Filter>spdlog\tests</Filter>
    </ClCompile>
    <ClCompile Include="spdlog\tests\test_backtrace.cpp">
      <Filter>spdlog\tests</Filter>
    </ClCompile>
    <ClCompile Include="spdlog\tests\test_bin_to_hex.cpp">
      <Filter>spdlog\tests</Filter>
    </ClCompile>
    <ClCompile Include="spdlog\tests\test_cfg.cpp">
      <Filter>spdlog\tests</Filter>
    </ClCompile>
    <ClCompile Include="spdlog\tests\test_circular_q.cpp">
      <Filter>spdlog\tests</Filter>
    </ClCompile>
    <ClCompile Include="spdlog\tests\test_create_dir.cpp">
      <Filter>spdlog\tests</Filter>
    </ClCompile>
    <ClCompile Include="spdlog\tests\test_custom_callbacks.cpp">
      <Filter>spdlog\tests</Filter>
    </ClCompile>
    <ClCompile Include="spdlog\tests\test_daily_logger.cpp">
      <Filter>spdlog\tests</Filter>
    </ClCompile>
    <ClCompile Include="spdlog\tests\test_dup_filter.cpp">
      <Filter>spdlog\tests</Filter>
    </ClCompile>
    <ClCompile Include="spdlog\tests\test_errors.cpp">
      <Filter>spdlog\tests</Filter>
    </ClCompile>
    <ClCompile Include="spdlog\tests\test_eventlog.cpp">
      <Filter>spdlog\tests</Filter>
    </ClCompile>
    <ClCompile Include="spdlog\tests\test_file_helper.cpp">
      <Filter>spdlog\tests</Filter>
    </ClCompile>
    <ClCompile Include="spdlog\tests\test_file_logging.cpp">
      <Filter>spdlog\tests</Filter>
    </ClCompile>
    <ClCompile Include="spdlog\tests\test_fmt_helper.cpp">
      <Filter>spdlog\tests</Filter>
    </ClCompile>
    <ClCompile Include="spdlog\tests\test_macros.cpp">
      <Filter>spdlog\tests</Filter>
    </ClCompile>
    <ClCompile Include="spdlog\tests\test_misc.cpp">
      <Filter>spdlog\tests</Filter>
    </ClCompile>
    <ClCompile Include="spdlog\tests\test_mpmc_q.cpp">
      <Filter>spdlog\tests</Filter>
    </ClCompile>
    <ClCompile Include="spdlog\tests\test_pattern_formatter.cpp">
      <Filter>spdlog\tests</Filter>
    </ClCompile>
    <ClCompile Include="spdlog\tests\test_registry.cpp">
      <Filter>spdlog\tests</Filter>
    </ClCompile>
    <ClCompile Include="spdlog\tests\test_stdout_api.cpp">
      <Filter>spdlog\tests</Filter>
    </ClCompile>
    <ClCompile Include="spdlog\tests\test_stopwatch.cpp">
      <Filter>spdlog\tests</Filter>
    </ClCompile>
    <ClCompile Include="spdlog\tests\test_systemd.cpp">
      <Filter>spdlog\tests</Filter>
    </ClCompile>
    <ClCompile Include="spdlog\tests\test_time_point.cpp">
      <Filter>spdlog\tests</Filter>
    </ClCompile>
    <ClCompile Include="spdlog\tests\utils.cpp">
      <Filter>spdlog\tests</Filter>
    </ClCompile>
    <ClCompile Include="tests.cpp" />
  </ItemGroup>
</Project>