<?xml version="1.0" encoding="utf-8"?>
<Project ToolsVersion="4.0" xmlns="http://schemas.microsoft.com/developer/msbuild/2003">
  <ItemGroup>
    <Filter Include="spdlog">
      <UniqueIdentifier>{8EAD431C-7A4F-6EF2-630A-82464F4BF542}</UniqueIdentifier>
    </Filter>
    <Filter Include="spdlog\bench">
      <UniqueIdentifier>{5D3A2845-499D-B7E9-F222-F09FDE64836C}</UniqueIdentifier>
    </Filter>
    <Filter Include="spdlog\example">
      <UniqueIdentifier>{696D7B42-553B-6F48-3ECF-DF6E2A3C4BAD}</UniqueIdentifier>
    </Filter>
    <Filter Include="spdlog\include">
      <UniqueIdentifier>{0183345F-ED50-2865-D6E4-988BC25104CA}</UniqueIdentifier>
    </Filter>
    <Filter Include="spdlog\include\spdlog">
      <UniqueIdentifier>{19C83A8F-8534-F689-4E28-8EE7BA5318F2}</UniqueIdentifier>
    </Filter>
    <Filter Include="spdlog\include\spdlog\cfg">
      <UniqueIdentifier>{18A53EC1-8467-724B-CD17-01D839194B29}</UniqueIdentifier>
    </Filter>
    <Filter Include="spdlog\include\spdlog\details">
      <UniqueIdentifier>{8EC18227-FAD9-6951-C386-F9EA2F5EFEEA}</UniqueIdentifier>
    </Filter>
    <Filter Include="spdlog\include\spdlog\fmt">
      <UniqueIdentifier>{CFB23EC1-3B75-724B-8425-01D8F0264B29}</UniqueIdentifier>
    </Filter>
    <Filter Include="spdlog\include\spdlog\fmt\bundled">
      <UniqueIdentifier>{BC303CC7-289F-9146-7188-4C46DD3587E2}</UniqueIdentifier>
    </Filter>
    <Filter Include="spdlog\include\spdlog\sinks">
      <UniqueIdentifier>{50A49F0C-BCB1-CDF2-4598-C9DDB1A499A9}</UniqueIdentifier>
    </Filter>
    <Filter Include="spdlog\src">
      <UniqueIdentifier>{A58277CA-913A-B917-FA41-9273E6185408}</UniqueIdentifier>
    </Filter>
    <Filter Include="spdlog\tests">
      <UniqueIdentifier>{F00A6E46-DC6D-FDEA-85F3-35A17135C96D}</UniqueIdentifier>
    </Filter>
  </ItemGroup>
  <ItemGroup>
    <ClCompile Include="tests.cpp" />
  </ItemGroup>
  <ItemGroup>
    <ClInclude Include="xxx.h" />
    <ClInclude Include="yyy.h" />
  </ItemGroup>
</Project>